
Microsoft Visual Studio Solution File, Format Version 12.00
# Visual Studio Version 16
VisualStudioVersion = 16.0.32510.428
MinimumVisualStudioVersion = 10.0.40219.1
Project("{FAE04EC0-301F-11D3-BF4B-00C04F79EFBC}") = "Vista", "Vista\Vista.csproj", "{D4671C5D-05DC-41E4-B4F4-E2AF3CF5C3A4}"
EndProject
Project("{FAE04EC0-301F-11D3-BF4B-00C04F79EFBC}") = "Datos", "Datos\Datos.csproj", "{66CB256B-0A3F-41E3-8365-FD5F4A800899}"
EndProject
Project("{FAE04EC0-301F-11D3-BF4B-00C04F79EFBC}") = "Entidades", "Entidades\Entidades.csproj", "{94492558-7874-464A-A499-027429316D4F}"
EndProject
Global
	GlobalSection(SolutionConfigurationPlatforms) = preSolution
		Debug|Any CPU = Debug|Any CPU
		Release|Any CPU = Release|Any CPU
	EndGlobalSection
	GlobalSection(ProjectConfigurationPlatforms) = postSolution
		{D4671C5D-05DC-41E4-B4F4-E2AF3CF5C3A4}.Debug|Any CPU.ActiveCfg = Debug|Any CPU
		{D4671C5D-05DC-41E4-B4F4-E2AF3CF5C3A4}.Debug|Any CPU.Build.0 = Debug|Any CPU
		{D4671C5D-05DC-41E4-B4F4-E2AF3CF5C3A4}.Release|Any CPU.ActiveCfg = Release|Any CPU
		{D4671C5D-05DC-41E4-B4F4-E2AF3CF5C3A4}.Release|Any CPU.Build.0 = Release|Any CPU
		{66CB256B-0A3F-41E3-8365-FD5F4A800899}.Debug|Any CPU.ActiveCfg = Debug|Any CPU
		{66CB256B-0A3F-41E3-8365-FD5F4A800899}.Debug|Any CPU.Build.0 = Debug|Any CPU
		{66CB256B-0A3F-41E3-8365-FD5F4A800899}.Release|Any CPU.ActiveCfg = Release|Any CPU
		{66CB256B-0A3F-41E3-8365-FD5F4A800899}.Release|Any CPU.Build.0 = Release|Any CPU
		{94492558-7874-464A-A499-027429316D4F}.Debug|Any CPU.ActiveCfg = Debug|Any CPU
		{94492558-7874-464A-A499-027429316D4F}.Debug|Any CPU.Build.0 = Debug|Any CPU
		{94492558-7874-464A-A499-027429316D4F}.Release|Any CPU.ActiveCfg = Release|Any CPU
		{94492558-7874-464A-A499-027429316D4F}.Release|Any CPU.Build.0 = Release|Any CPU
	EndGlobalSection
	GlobalSection(SolutionProperties) = preSolution
		HideSolutionNode = FALSE
	EndGlobalSection
	GlobalSection(ExtensibilityGlobals) = postSolution
		SolutionGuid = {FFD9693E-561B-4DCD-855F-BA672348CA35}
	EndGlobalSection
EndGlobal
